// !$*UTF8*$!
{
	archiveVersion = 1;
	classes = {
	};
	objectVersion = 56;
	objects = {

/* Begin PBXBuildFile section */
		B481372928D9765D00542424 /* AppDelegate.swift in Sources */ = {isa = PBXBuildFile; fileRef = B481372828D9765D00542424 /* AppDelegate.swift */; };
		B481372B28D9765D00542424 /* SceneDelegate.swift in Sources */ = {isa = PBXBuildFile; fileRef = B481372A28D9765D00542424 /* SceneDelegate.swift */; };
		B481373228D9765F00542424 /* Assets.xcassets in Resources */ = {isa = PBXBuildFile; fileRef = B481373128D9765F00542424 /* Assets.xcassets */; };
		B481373528D9765F00542424 /* LaunchScreen.storyboard in Resources */ = {isa = PBXBuildFile; fileRef = B481373328D9765F00542424 /* LaunchScreen.storyboard */; };
		B481373E28D9767E00542424 /* RxCocoa in Frameworks */ = {isa = PBXBuildFile; productRef = B481373D28D9767E00542424 /* RxCocoa */; };
		B481374028D9767E00542424 /* RxRelay in Frameworks */ = {isa = PBXBuildFile; productRef = B481373F28D9767E00542424 /* RxRelay */; };
		B481374228D9767E00542424 /* RxSwift in Frameworks */ = {isa = PBXBuildFile; productRef = B481374128D9767E00542424 /* RxSwift */; };
		B481374528D9769100542424 /* SnapKit in Frameworks */ = {isa = PBXBuildFile; productRef = B481374428D9769100542424 /* SnapKit */; };
		B481374728D9778B00542424 /* MainViewModel.swift in Sources */ = {isa = PBXBuildFile; fileRef = B481374628D9778B00542424 /* MainViewModel.swift */; };
		B481374A28D98A1E00542424 /* TitleTextFieldCell.swift in Sources */ = {isa = PBXBuildFile; fileRef = B481374928D98A1E00542424 /* TitleTextFieldCell.swift */; };
		B481374C28D98A5500542424 /* TitleTextFieldCellViewModel.swift in Sources */ = {isa = PBXBuildFile; fileRef = B481374B28D98A5500542424 /* TitleTextFieldCellViewModel.swift */; };
		B481374F28D98C4700542424 /* Category.swift in Sources */ = {isa = PBXBuildFile; fileRef = B481374E28D98C4700542424 /* Category.swift */; };
		B481375228D98C7C00542424 /* CategoryViewModel.swift in Sources */ = {isa = PBXBuildFile; fileRef = B481375128D98C7C00542424 /* CategoryViewModel.swift */; };
		B481375428D991F900542424 /* CategoryListViewController.swift in Sources */ = {isa = PBXBuildFile; fileRef = B481375328D991F900542424 /* CategoryListViewController.swift */; };
		B481375928D995E600542424 /* PriceTextFieldCellViewModel.swift in Sources */ = {isa = PBXBuildFile; fileRef = B481375828D995E600542424 /* PriceTextFieldCellViewModel.swift */; };
		B481375B28D9979400542424 /* PriceTextFieldCell.swift in Sources */ = {isa = PBXBuildFile; fileRef = B481375A28D9979400542424 /* PriceTextFieldCell.swift */; };
		B481375E28D99AFF00542424 /* DetailWriteFormCell.swift in Sources */ = {isa = PBXBuildFile; fileRef = B481375D28D99AFF00542424 /* DetailWriteFormCell.swift */; };
		B481376028D99B1300542424 /* DetailWriteFormCellViewModel.swift in Sources */ = {isa = PBXBuildFile; fileRef = B481375F28D99B1300542424 /* DetailWriteFormCellViewModel.swift */; };
		B481376328D9A01900542424 /* MainModel.swift in Sources */ = {isa = PBXBuildFile; fileRef = B481376228D9A01900542424 /* MainModel.swift */; };
		B481376528D9B1A000542424 /* MainViewController.swift in Sources */ = {isa = PBXBuildFile; fileRef = B481376428D9B1A000542424 /* MainViewController.swift */; };
/* End PBXBuildFile section */

/* Begin PBXFileReference section */
		B481372528D9765D00542424 /* UsedGoodsUpload.app */ = {isa = PBXFileReference; explicitFileType = wrapper.application; includeInIndex = 0; path = UsedGoodsUpload.app; sourceTree = BUILT_PRODUCTS_DIR; };
		B481372828D9765D00542424 /* AppDelegate.swift */ = {isa = PBXFileReference; lastKnownFileType = sourcecode.swift; path = AppDelegate.swift; sourceTree = "<group>"; };
		B481372A28D9765D00542424 /* SceneDelegate.swift */ = {isa = PBXFileReference; lastKnownFileType = sourcecode.swift; path = SceneDelegate.swift; sourceTree = "<group>"; };
		B481373128D9765F00542424 /* Assets.xcassets */ = {isa = PBXFileReference; lastKnownFileType = folder.assetcatalog; path = Assets.xcassets; sourceTree = "<group>"; };
		B481373428D9765F00542424 /* Base */ = {isa = PBXFileReference; lastKnownFileType = file.storyboard; name = Base; path = Base.lproj/LaunchScreen.storyboard; sourceTree = "<group>"; };
		B481373628D9765F00542424 /* Info.plist */ = {isa = PBXFileReference; lastKnownFileType = text.plist.xml; path = Info.plist; sourceTree = "<group>"; };
		B481374628D9778B00542424 /* MainViewModel.swift */ = {isa = PBXFileReference; lastKnownFileType = sourcecode.swift; path = MainViewModel.swift; sourceTree = "<group>"; };
		B481374928D98A1E00542424 /* TitleTextFieldCell.swift */ = {isa = PBXFileReference; lastKnownFileType = sourcecode.swift; path = TitleTextFieldCell.swift; sourceTree = "<group>"; };
		B481374B28D98A5500542424 /* TitleTextFieldCellViewModel.swift */ = {isa = PBXFileReference; lastKnownFileType = sourcecode.swift; path = TitleTextFieldCellViewModel.swift; sourceTree = "<group>"; };
		B481374E28D98C4700542424 /* Category.swift */ = {isa = PBXFileReference; lastKnownFileType = sourcecode.swift; path = Category.swift; sourceTree = "<group>"; };
		B481375128D98C7C00542424 /* CategoryViewModel.swift */ = {isa = PBXFileReference; lastKnownFileType = sourcecode.swift; path = CategoryViewModel.swift; sourceTree = "<group>"; };
		B481375328D991F900542424 /* CategoryListViewController.swift */ = {isa = PBXFileReference; lastKnownFileType = sourcecode.swift; path = CategoryListViewController.swift; sourceTree = "<group>"; };
		B481375828D995E600542424 /* PriceTextFieldCellViewModel.swift */ = {isa = PBXFileReference; lastKnownFileType = sourcecode.swift; path = PriceTextFieldCellViewModel.swift; sourceTree = "<group>"; };
		B481375A28D9979400542424 /* PriceTextFieldCell.swift */ = {isa = PBXFileReference; lastKnownFileType = sourcecode.swift; path = PriceTextFieldCell.swift; sourceTree = "<group>"; };
		B481375D28D99AFF00542424 /* DetailWriteFormCell.swift */ = {isa = PBXFileReference; lastKnownFileType = sourcecode.swift; path = DetailWriteFormCell.swift; sourceTree = "<group>"; };
		B481375F28D99B1300542424 /* DetailWriteFormCellViewModel.swift */ = {isa = PBXFileReference; lastKnownFileType = sourcecode.swift; path = DetailWriteFormCellViewModel.swift; sourceTree = "<group>"; };
		B481376228D9A01900542424 /* MainModel.swift */ = {isa = PBXFileReference; lastKnownFileType = sourcecode.swift; path = MainModel.swift; sourceTree = "<group>"; };
		B481376428D9B1A000542424 /* MainViewController.swift */ = {isa = PBXFileReference; lastKnownFileType = sourcecode.swift; path = MainViewController.swift; sourceTree = "<group>"; };
/* End PBXFileReference section */

/* Begin PBXFrameworksBuildPhase section */
		B481372228D9765D00542424 /* Frameworks */ = {
			isa = PBXFrameworksBuildPhase;
			buildActionMask = 2147483647;
			files = (
				B481374228D9767E00542424 /* RxSwift in Frameworks */,
				B481374528D9769100542424 /* SnapKit in Frameworks */,
				B481374028D9767E00542424 /* RxRelay in Frameworks */,
				B481373E28D9767E00542424 /* RxCocoa in Frameworks */,
			);
			runOnlyForDeploymentPostprocessing = 0;
		};
/* End PBXFrameworksBuildPhase section */

/* Begin PBXGroup section */
		B481371C28D9765D00542424 = {
			isa = PBXGroup;
			children = (
				B481372728D9765D00542424 /* UsedGoodsUpload */,
				B481372628D9765D00542424 /* Products */,
			);
			sourceTree = "<group>";
		};
		B481372628D9765D00542424 /* Products */ = {
			isa = PBXGroup;
			children = (
				B481372528D9765D00542424 /* UsedGoodsUpload.app */,
			);
			name = Products;
			sourceTree = "<group>";
		};
		B481372728D9765D00542424 /* UsedGoodsUpload */ = {
			isa = PBXGroup;
			children = (
				B481372828D9765D00542424 /* AppDelegate.swift */,
				B481372A28D9765D00542424 /* SceneDelegate.swift */,
				B481375028D98C4D00542424 /* Entity */,
				B481374828D98A0000542424 /* Main */,
				B481373128D9765F00542424 /* Assets.xcassets */,
				B481373328D9765F00542424 /* LaunchScreen.storyboard */,
				B481373628D9765F00542424 /* Info.plist */,
			);
			path = UsedGoodsUpload;
			sourceTree = "<group>";
		};
		B481374828D98A0000542424 /* Main */ = {
			isa = PBXGroup;
			children = (
				B481376428D9B1A000542424 /* MainViewController.swift */,
				B481374628D9778B00542424 /* MainViewModel.swift */,
				B481376228D9A01900542424 /* MainModel.swift */,
				B481374D28D98A5B00542424 /* TItleTextFieldCell */,
				B481375528D995A400542424 /* Caategory */,
				B481375C28D99AAE00542424 /* Price */,
				B481376128D99B1800542424 /* Detail */,
			);
			path = Main;
			sourceTree = "<group>";
		};
		B481374D28D98A5B00542424 /* TItleTextFieldCell */ = {
			isa = PBXGroup;
			children = (
				B481374928D98A1E00542424 /* TitleTextFieldCell.swift */,
				B481374B28D98A5500542424 /* TitleTextFieldCellViewModel.swift */,
			);
			path = TItleTextFieldCell;
			sourceTree = "<group>";
		};
		B481375028D98C4D00542424 /* Entity */ = {
			isa = PBXGroup;
			children = (
				B481374E28D98C4700542424 /* Category.swift */,
			);
			path = Entity;
			sourceTree = "<group>";
		};
		B481375528D995A400542424 /* Caategory */ = {
			isa = PBXGroup;
			children = (
				B481375128D98C7C00542424 /* CategoryViewModel.swift */,
				B481375328D991F900542424 /* CategoryListViewController.swift */,
			);
			path = Caategory;
			sourceTree = "<group>";
		};
		B481375C28D99AAE00542424 /* Price */ = {
			isa = PBXGroup;
			children = (
				B481375828D995E600542424 /* PriceTextFieldCellViewModel.swift */,
				B481375A28D9979400542424 /* PriceTextFieldCell.swift */,
			);
			path = Price;
			sourceTree = "<group>";
		};
		B481376128D99B1800542424 /* Detail */ = {
			isa = PBXGroup;
			children = (
				B481375D28D99AFF00542424 /* DetailWriteFormCell.swift */,
				B481375F28D99B1300542424 /* DetailWriteFormCellViewModel.swift */,
			);
			path = Detail;
			sourceTree = "<group>";
		};
/* End PBXGroup section */

/* Begin PBXNativeTarget section */
		B481372428D9765D00542424 /* UsedGoodsUpload */ = {
			isa = PBXNativeTarget;
			buildConfigurationList = B481373928D9765F00542424 /* Build configuration list for PBXNativeTarget "UsedGoodsUpload" */;
			buildPhases = (
				B481372128D9765D00542424 /* Sources */,
				B481372228D9765D00542424 /* Frameworks */,
				B481372328D9765D00542424 /* Resources */,
			);
			buildRules = (
			);
			dependencies = (
			);
			name = UsedGoodsUpload;
			packageProductDependencies = (
				B481373D28D9767E00542424 /* RxCocoa */,
				B481373F28D9767E00542424 /* RxRelay */,
				B481374128D9767E00542424 /* RxSwift */,
				B481374428D9769100542424 /* SnapKit */,
			);
			productName = UsedGoodsUpload;
			productReference = B481372528D9765D00542424 /* UsedGoodsUpload.app */;
			productType = "com.apple.product-type.application";
		};
/* End PBXNativeTarget section */

/* Begin PBXProject section */
		B481371D28D9765D00542424 /* Project object */ = {
			isa = PBXProject;
			attributes = {
				BuildIndependentTargetsInParallel = 1;
				LastSwiftUpdateCheck = 1400;
				LastUpgradeCheck = 1400;
				TargetAttributes = {
					B481372428D9765D00542424 = {
						CreatedOnToolsVersion = 14.0;
					};
				};
			};
			buildConfigurationList = B481372028D9765D00542424 /* Build configuration list for PBXProject "UsedGoodsUpload" */;
			compatibilityVersion = "Xcode 14.0";
			developmentRegion = en;
			hasScannedForEncodings = 0;
			knownRegions = (
				en,
				Base,
			);
			mainGroup = B481371C28D9765D00542424;
			packageReferences = (
				B481373C28D9767E00542424 /* XCRemoteSwiftPackageReference "RxSwift" */,
				B481374328D9769100542424 /* XCRemoteSwiftPackageReference "SnapKit" */,
			);
			productRefGroup = B481372628D9765D00542424 /* Products */;
			projectDirPath = "";
			projectRoot = "";
			targets = (
				B481372428D9765D00542424 /* UsedGoodsUpload */,
			);
		};
/* End PBXProject section */

/* Begin PBXResourcesBuildPhase section */
		B481372328D9765D00542424 /* Resources */ = {
			isa = PBXResourcesBuildPhase;
			buildActionMask = 2147483647;
			files = (
				B481373528D9765F00542424 /* LaunchScreen.storyboard in Resources */,
				B481373228D9765F00542424 /* Assets.xcassets in Resources */,
			);
			runOnlyForDeploymentPostprocessing = 0;
		};
/* End PBXResourcesBuildPhase section */

/* Begin PBXSourcesBuildPhase section */
		B481372128D9765D00542424 /* Sources */ = {
			isa = PBXSourcesBuildPhase;
			buildActionMask = 2147483647;
			files = (
				B481374C28D98A5500542424 /* TitleTextFieldCellViewModel.swift in Sources */,
				B481375928D995E600542424 /* PriceTextFieldCellViewModel.swift in Sources */,
				B481375428D991F900542424 /* CategoryListViewController.swift in Sources */,
				B481372928D9765D00542424 /* AppDelegate.swift in Sources */,
				B481372B28D9765D00542424 /* SceneDelegate.swift in Sources */,
				B481375B28D9979400542424 /* PriceTextFieldCell.swift in Sources */,
				B481376028D99B1300542424 /* DetailWriteFormCellViewModel.swift in Sources */,
				B481376528D9B1A000542424 /* MainViewController.swift in Sources */,
				B481375228D98C7C00542424 /* CategoryViewModel.swift in Sources */,
				B481374A28D98A1E00542424 /* TitleTextFieldCell.swift in Sources */,
				B481376328D9A01900542424 /* MainModel.swift in Sources */,
				B481374728D9778B00542424 /* MainViewModel.swift in Sources */,
				B481375E28D99AFF00542424 /* DetailWriteFormCell.swift in Sources */,
				B481374F28D98C4700542424 /* Category.swift in Sources */,
			);
			runOnlyForDeploymentPostprocessing = 0;
		};
/* End PBXSourcesBuildPhase section */

/* Begin PBXVariantGroup section */
		B481373328D9765F00542424 /* LaunchScreen.storyboard */ = {
			isa = PBXVariantGroup;
			children = (
				B481373428D9765F00542424 /* Base */,
			);
			name = LaunchScreen.storyboard;
			sourceTree = "<group>";
		};
/* End PBXVariantGroup section */

/* Begin XCBuildConfiguration section */
		B481373728D9765F00542424 /* Debug */ = {
			isa = XCBuildConfiguration;
			buildSettings = {
				ALWAYS_SEARCH_USER_PATHS = NO;
				CLANG_ANALYZER_NONNULL = YES;
				CLANG_ANALYZER_NUMBER_OBJECT_CONVERSION = YES_AGGRESSIVE;
				CLANG_CXX_LANGUAGE_STANDARD = "gnu++20";
				CLANG_ENABLE_MODULES = YES;
				CLANG_ENABLE_OBJC_ARC = YES;
				CLANG_ENABLE_OBJC_WEAK = YES;
				CLANG_WARN_BLOCK_CAPTURE_AUTORELEASING = YES;
				CLANG_WARN_BOOL_CONVERSION = YES;
				CLANG_WARN_COMMA = YES;
				CLANG_WARN_CONSTANT_CONVERSION = YES;
				CLANG_WARN_DEPRECATED_OBJC_IMPLEMENTATIONS = YES;
				CLANG_WARN_DIRECT_OBJC_ISA_USAGE = YES_ERROR;
				CLANG_WARN_DOCUMENTATION_COMMENTS = YES;
				CLANG_WARN_EMPTY_BODY = YES;
				CLANG_WARN_ENUM_CONVERSION = YES;
				CLANG_WARN_INFINITE_RECURSION = YES;
				CLANG_WARN_INT_CONVERSION = YES;
				CLANG_WARN_NON_LITERAL_NULL_CONVERSION = YES;
				CLANG_WARN_OBJC_IMPLICIT_RETAIN_SELF = YES;
				CLANG_WARN_OBJC_LITERAL_CONVERSION = YES;
				CLANG_WARN_OBJC_ROOT_CLASS = YES_ERROR;
				CLANG_WARN_QUOTED_INCLUDE_IN_FRAMEWORK_HEADER = YES;
				CLANG_WARN_RANGE_LOOP_ANALYSIS = YES;
				CLANG_WARN_STRICT_PROTOTYPES = YES;
				CLANG_WARN_SUSPICIOUS_MOVE = YES;
				CLANG_WARN_UNGUARDED_AVAILABILITY = YES_AGGRESSIVE;
				CLANG_WARN_UNREACHABLE_CODE = YES;
				CLANG_WARN__DUPLICATE_METHOD_MATCH = YES;
				COPY_PHASE_STRIP = NO;
				DEBUG_INFORMATION_FORMAT = dwarf;
				ENABLE_STRICT_OBJC_MSGSEND = YES;
				ENABLE_TESTABILITY = YES;
				GCC_C_LANGUAGE_STANDARD = gnu11;
				GCC_DYNAMIC_NO_PIC = NO;
				GCC_NO_COMMON_BLOCKS = YES;
				GCC_OPTIMIZATION_LEVEL = 0;
				GCC_PREPROCESSOR_DEFINITIONS = (
					"DEBUG=1",
					"$(inherited)",
				);
				GCC_WARN_64_TO_32_BIT_CONVERSION = YES;
				GCC_WARN_ABOUT_RETURN_TYPE = YES_ERROR;
				GCC_WARN_UNDECLARED_SELECTOR = YES;
				GCC_WARN_UNINITIALIZED_AUTOS = YES_AGGRESSIVE;
				GCC_WARN_UNUSED_FUNCTION = YES;
				GCC_WARN_UNUSED_VARIABLE = YES;
				IPHONEOS_DEPLOYMENT_TARGET = 16.0;
				MTL_ENABLE_DEBUG_INFO = INCLUDE_SOURCE;
				MTL_FAST_MATH = YES;
				ONLY_ACTIVE_ARCH = YES;
				SDKROOT = iphoneos;
				SWIFT_ACTIVE_COMPILATION_CONDITIONS = DEBUG;
				SWIFT_OPTIMIZATION_LEVEL = "-Onone";
			};
			name = Debug;
		};
		B481373828D9765F00542424 /* Release */ = {
			isa = XCBuildConfiguration;
			buildSettings = {
				ALWAYS_SEARCH_USER_PATHS = NO;
				CLANG_ANALYZER_NONNULL = YES;
				CLANG_ANALYZER_NUMBER_OBJECT_CONVERSION = YES_AGGRESSIVE;
				CLANG_CXX_LANGUAGE_STANDARD = "gnu++20";
				CLANG_ENABLE_MODULES = YES;
				CLANG_ENABLE_OBJC_ARC = YES;
				CLANG_ENABLE_OBJC_WEAK = YES;
				CLANG_WARN_BLOCK_CAPTURE_AUTORELEASING = YES;
				CLANG_WARN_BOOL_CONVERSION = YES;
				CLANG_WARN_COMMA = YES;
				CLANG_WARN_CONSTANT_CONVERSION = YES;
				CLANG_WARN_DEPRECATED_OBJC_IMPLEMENTATIONS = YES;
				CLANG_WARN_DIRECT_OBJC_ISA_USAGE = YES_ERROR;
				CLANG_WARN_DOCUMENTATION_COMMENTS = YES;
				CLANG_WARN_EMPTY_BODY = YES;
				CLANG_WARN_ENUM_CONVERSION = YES;
				CLANG_WARN_INFINITE_RECURSION = YES;
				CLANG_WARN_INT_CONVERSION = YES;
				CLANG_WARN_NON_LITERAL_NULL_CONVERSION = YES;
				CLANG_WARN_OBJC_IMPLICIT_RETAIN_SELF = YES;
				CLANG_WARN_OBJC_LITERAL_CONVERSION = YES;
				CLANG_WARN_OBJC_ROOT_CLASS = YES_ERROR;
				CLANG_WARN_QUOTED_INCLUDE_IN_FRAMEWORK_HEADER = YES;
				CLANG_WARN_RANGE_LOOP_ANALYSIS = YES;
				CLANG_WARN_STRICT_PROTOTYPES = YES;
				CLANG_WARN_SUSPICIOUS_MOVE = YES;
				CLANG_WARN_UNGUARDED_AVAILABILITY = YES_AGGRESSIVE;
				CLANG_WARN_UNREACHABLE_CODE = YES;
				CLANG_WARN__DUPLICATE_METHOD_MATCH = YES;
				COPY_PHASE_STRIP = NO;
				DEBUG_INFORMATION_FORMAT = "dwarf-with-dsym";
				ENABLE_NS_ASSERTIONS = NO;
				ENABLE_STRICT_OBJC_MSGSEND = YES;
				GCC_C_LANGUAGE_STANDARD = gnu11;
				GCC_NO_COMMON_BLOCKS = YES;
				GCC_WARN_64_TO_32_BIT_CONVERSION = YES;
				GCC_WARN_ABOUT_RETURN_TYPE = YES_ERROR;
				GCC_WARN_UNDECLARED_SELECTOR = YES;
				GCC_WARN_UNINITIALIZED_AUTOS = YES_AGGRESSIVE;
				GCC_WARN_UNUSED_FUNCTION = YES;
				GCC_WARN_UNUSED_VARIABLE = YES;
				IPHONEOS_DEPLOYMENT_TARGET = 16.0;
				MTL_ENABLE_DEBUG_INFO = NO;
				MTL_FAST_MATH = YES;
				SDKROOT = iphoneos;
				SWIFT_COMPILATION_MODE = wholemodule;
				SWIFT_OPTIMIZATION_LEVEL = "-O";
				VALIDATE_PRODUCT = YES;
			};
			name = Release;
		};
		B481373A28D9765F00542424 /* Debug */ = {
			isa = XCBuildConfiguration;
			buildSettings = {
				ASSETCATALOG_COMPILER_APPICON_NAME = AppIcon;
				ASSETCATALOG_COMPILER_GLOBAL_ACCENT_COLOR_NAME = AccentColor;
				CODE_SIGN_STYLE = Automatic;
				CURRENT_PROJECT_VERSION = 1;
				DEVELOPMENT_TEAM = NMLQKC3L6A;
				GENERATE_INFOPLIST_FILE = YES;
				INFOPLIST_FILE = UsedGoodsUpload/Info.plist;
				INFOPLIST_KEY_UIApplicationSupportsIndirectInputEvents = YES;
				INFOPLIST_KEY_UILaunchStoryboardName = LaunchScreen;
				INFOPLIST_KEY_UISupportedInterfaceOrientations_iPad = "UIInterfaceOrientationPortrait UIInterfaceOrientationPortraitUpsideDown UIInterfaceOrientationLandscapeLeft UIInterfaceOrientationLandscapeRight";
				INFOPLIST_KEY_UISupportedInterfaceOrientations_iPhone = "UIInterfaceOrientationPortrait UIInterfaceOrientationLandscapeLeft UIInterfaceOrientationLandscapeRight";
				LD_RUNPATH_SEARCH_PATHS = (
					"$(inherited)",
					"@executable_path/Frameworks",
				);
				MARKETING_VERSION = 1.0;
				PRODUCT_BUNDLE_IDENTIFIER = com.hylee.UsedGoodsUpload;
				PRODUCT_NAME = "$(TARGET_NAME)";
				SWIFT_EMIT_LOC_STRINGS = YES;
				SWIFT_VERSION = 5.0;
				TARGETED_DEVICE_FAMILY = "1,2";
			};
			name = Debug;
		};
		B481373B28D9765F00542424 /* Release */ = {
			isa = XCBuildConfiguration;
			buildSettings = {
				ASSETCATALOG_COMPILER_APPICON_NAME = AppIcon;
				ASSETCATALOG_COMPILER_GLOBAL_ACCENT_COLOR_NAME = AccentColor;
				CODE_SIGN_STYLE = Automatic;
				CURRENT_PROJECT_VERSION = 1;
				DEVELOPMENT_TEAM = NMLQKC3L6A;
				GENERATE_INFOPLIST_FILE = YES;
				INFOPLIST_FILE = UsedGoodsUpload/Info.plist;
				INFOPLIST_KEY_UIApplicationSupportsIndirectInputEvents = YES;
				INFOPLIST_KEY_UILaunchStoryboardName = LaunchScreen;
				INFOPLIST_KEY_UISupportedInterfaceOrientations_iPad = "UIInterfaceOrientationPortrait UIInterfaceOrientationPortraitUpsideDown UIInterfaceOrientationLandscapeLeft UIInterfaceOrientationLandscapeRight";
				INFOPLIST_KEY_UISupportedInterfaceOrientations_iPhone = "UIInterfaceOrientationPortrait UIInterfaceOrientationLandscapeLeft UIInterfaceOrientationLandscapeRight";
				LD_RUNPATH_SEARCH_PATHS = (
					"$(inherited)",
					"@executable_path/Frameworks",
				);
				MARKETING_VERSION = 1.0;
				PRODUCT_BUNDLE_IDENTIFIER = com.hylee.UsedGoodsUpload;
				PRODUCT_NAME = "$(TARGET_NAME)";
				SWIFT_EMIT_LOC_STRINGS = YES;
				SWIFT_VERSION = 5.0;
				TARGETED_DEVICE_FAMILY = "1,2";
			};
			name = Release;
		};
/* End XCBuildConfiguration section */

/* Begin XCConfigurationList section */
		B481372028D9765D00542424 /* Build configuration list for PBXProject "UsedGoodsUpload" */ = {
			isa = XCConfigurationList;
			buildConfigurations = (
				B481373728D9765F00542424 /* Debug */,
				B481373828D9765F00542424 /* Release */,
			);
			defaultConfigurationIsVisible = 0;
			defaultConfigurationName = Release;
		};
		B481373928D9765F00542424 /* Build configuration list for PBXNativeTarget "UsedGoodsUpload" */ = {
			isa = XCConfigurationList;
			buildConfigurations = (
				B481373A28D9765F00542424 /* Debug */,
				B481373B28D9765F00542424 /* Release */,
			);
			defaultConfigurationIsVisible = 0;
			defaultConfigurationName = Release;
		};
/* End XCConfigurationList section */

/* Begin XCRemoteSwiftPackageReference section */
		B481373C28D9767E00542424 /* XCRemoteSwiftPackageReference "RxSwift" */ = {
			isa = XCRemoteSwiftPackageReference;
			repositoryURL = "https://github.com/ReactiveX/RxSwift";
			requirement = {
				branch = main;
				kind = branch;
			};
		};
		B481374328D9769100542424 /* XCRemoteSwiftPackageReference "SnapKit" */ = {
			isa = XCRemoteSwiftPackageReference;
			repositoryURL = "https://github.com/SnapKit/SnapKit";
			requirement = {
				branch = develop;
				kind = branch;
			};
		};
/* End XCRemoteSwiftPackageReference section */

/* Begin XCSwiftPackageProductDependency section */
		B481373D28D9767E00542424 /* RxCocoa */ = {
			isa = XCSwiftPackageProductDependency;
			package = B481373C28D9767E00542424 /* XCRemoteSwiftPackageReference "RxSwift" */;
			productName = RxCocoa;
		};
		B481373F28D9767E00542424 /* RxRelay */ = {
			isa = XCSwiftPackageProductDependency;
			package = B481373C28D9767E00542424 /* XCRemoteSwiftPackageReference "RxSwift" */;
			productName = RxRelay;
		};
		B481374128D9767E00542424 /* RxSwift */ = {
			isa = XCSwiftPackageProductDependency;
			package = B481373C28D9767E00542424 /* XCRemoteSwiftPackageReference "RxSwift" */;
			productName = RxSwift;
		};
		B481374428D9769100542424 /* SnapKit */ = {
			isa = XCSwiftPackageProductDependency;
			package = B481374328D9769100542424 /* XCRemoteSwiftPackageReference "SnapKit" */;
			productName = SnapKit;
		};
/* End XCSwiftPackageProductDependency section */
	};
	rootObject = B481371D28D9765D00542424 /* Project object */;
}
